
Microsoft Visual Studio Solution File, Format Version 12.00
# Visual Studio Version 16
VisualStudioVersion = 16.0.29025.244
MinimumVisualStudioVersion = 10.0.40219.1
Project("{2150E333-8FDC-42A3-9474-1A3956D46DE8}") = "chapter8", "chapter8", "{11D7F5C9-B8F9-4F87-B860-49A8AE96BE31}"
EndProject
Project("{8BC9CEB8-8B4A-11D0-8D11-00A0C91BC942}") = "Client8", "Chapter8\Client8\Client8.vcxproj", "{14FCEAD9-D986-45D0-93B9-BED307E40C8F}"
EndProject
Project("{8BC9CEB8-8B4A-11D0-8D11-00A0C91BC942}") = "Driver8", "Chapter8\Driver8\Driver8.vcxproj", "{26B7F414-4652-4A87-B86E-4741867DF36D}"
	ProjectSection(ProjectDependencies) = postProject
		{F50FDBB1-283C-46FD-9B0F-56198C3231FE} = {F50FDBB1-283C-46FD-9B0F-56198C3231FE}
	EndProjectSection
EndProject
Project("{2150E333-8FDC-42A3-9474-1A3956D46DE8}") = "chapter10", "chapter10", "{17E53AA1-670A-4B76-B764-F435BBAF68A6}"
EndProject
Project("{2150E333-8FDC-42A3-9474-1A3956D46DE8}") = "chapter9", "chapter9", "{BCBD4FF4-3029-4081-8653-E53EDE50B31B}"
EndProject
Project("{8BC9CEB8-8B4A-11D0-8D11-00A0C91BC942}") = "Client9", "Chapter9\Client9\Client9.vcxproj", "{5FFEB72F-B213-4E12-945C-24E4929FEFA6}"
EndProject
Project("{8BC9CEB8-8B4A-11D0-8D11-00A0C91BC942}") = "Driveri9", "Chapter9\Driveri9\Driveri9.vcxproj", "{7C7EE60B-557B-44A4-BC9A-0E4656CF5E4C}"
EndProject
Project("{8BC9CEB8-8B4A-11D0-8D11-00A0C91BC942}") = "utility", "utility\utility.vcxproj", "{F50FDBB1-283C-46FD-9B0F-56198C3231FE}"
EndProject
Project("{8BC9CEB8-8B4A-11D0-8D11-00A0C91BC942}") = "Driver10", "Chapter10\Driver10\Driver10.vcxproj", "{FB8392C7-1342-4696-B3B9-AE8C97670468}"
EndProject
Global
	GlobalSection(SolutionConfigurationPlatforms) = preSolution
		Debug|ARM = Debug|ARM
		Debug|ARM64 = Debug|ARM64
		Debug|x64 = Debug|x64
		Debug|x86 = Debug|x86
		Release|ARM = Release|ARM
		Release|ARM64 = Release|ARM64
		Release|x64 = Release|x64
		Release|x86 = Release|x86
	EndGlobalSection
	GlobalSection(ProjectConfigurationPlatforms) = postSolution
		{14FCEAD9-D986-45D0-93B9-BED307E40C8F}.Debug|ARM.ActiveCfg = Debug|Win32
		{14FCEAD9-D986-45D0-93B9-BED307E40C8F}.Debug|ARM64.ActiveCfg = Debug|Win32
		{14FCEAD9-D986-45D0-93B9-BED307E40C8F}.Debug|x64.ActiveCfg = Debug|x64
		{14FCEAD9-D986-45D0-93B9-BED307E40C8F}.Debug|x64.Build.0 = Debug|x64
		{14FCEAD9-D986-45D0-93B9-BED307E40C8F}.Debug|x86.ActiveCfg = Debug|Win32
		{14FCEAD9-D986-45D0-93B9-BED307E40C8F}.Debug|x86.Build.0 = Debug|Win32
		{14FCEAD9-D986-45D0-93B9-BED307E40C8F}.Release|ARM.ActiveCfg = Release|Win32
		{14FCEAD9-D986-45D0-93B9-BED307E40C8F}.Release|ARM64.ActiveCfg = Release|Win32
		{14FCEAD9-D986-45D0-93B9-BED307E40C8F}.Release|x64.ActiveCfg = Release|x64
		{14FCEAD9-D986-45D0-93B9-BED307E40C8F}.Release|x64.Build.0 = Release|x64
		{14FCEAD9-D986-45D0-93B9-BED307E40C8F}.Release|x86.ActiveCfg = Release|Win32
		{14FCEAD9-D986-45D0-93B9-BED307E40C8F}.Release|x86.Build.0 = Release|Win32
		{26B7F414-4652-4A87-B86E-4741867DF36D}.Debug|ARM.ActiveCfg = Debug|Win32
		{26B7F414-4652-4A87-B86E-4741867DF36D}.Debug|ARM64.ActiveCfg = Debug|Win32
		{26B7F414-4652-4A87-B86E-4741867DF36D}.Debug|x64.ActiveCfg = Debug|Win32
		{26B7F414-4652-4A87-B86E-4741867DF36D}.Debug|x64.Build.0 = Debug|Win32
		{26B7F414-4652-4A87-B86E-4741867DF36D}.Debug|x64.Deploy.0 = Debug|Win32
		{26B7F414-4652-4A87-B86E-4741867DF36D}.Debug|x86.ActiveCfg = Debug|Win32
		{26B7F414-4652-4A87-B86E-4741867DF36D}.Debug|x86.Build.0 = Debug|Win32
		{26B7F414-4652-4A87-B86E-4741867DF36D}.Debug|x86.Deploy.0 = Debug|Win32
		{26B7F414-4652-4A87-B86E-4741867DF36D}.Release|ARM.ActiveCfg = Release|Win32
		{26B7F414-4652-4A87-B86E-4741867DF36D}.Release|ARM64.ActiveCfg = Release|Win32
		{26B7F414-4652-4A87-B86E-4741867DF36D}.Release|x64.ActiveCfg = Release|x64
		{26B7F414-4652-4A87-B86E-4741867DF36D}.Release|x64.Build.0 = Release|x64
		{26B7F414-4652-4A87-B86E-4741867DF36D}.Release|x64.Deploy.0 = Release|x64
		{26B7F414-4652-4A87-B86E-4741867DF36D}.Release|x86.ActiveCfg = Release|Win32
		{26B7F414-4652-4A87-B86E-4741867DF36D}.Release|x86.Build.0 = Release|Win32
		{26B7F414-4652-4A87-B86E-4741867DF36D}.Release|x86.Deploy.0 = Release|Win32
		{5FFEB72F-B213-4E12-945C-24E4929FEFA6}.Debug|ARM.ActiveCfg = Debug|Win32
		{5FFEB72F-B213-4E12-945C-24E4929FEFA6}.Debug|ARM64.ActiveCfg = Debug|Win32
		{5FFEB72F-B213-4E12-945C-24E4929FEFA6}.Debug|x64.ActiveCfg = Debug|x64
		{5FFEB72F-B213-4E12-945C-24E4929FEFA6}.Debug|x64.Build.0 = Debug|x64
		{5FFEB72F-B213-4E12-945C-24E4929FEFA6}.Debug|x86.ActiveCfg = Debug|Win32
		{5FFEB72F-B213-4E12-945C-24E4929FEFA6}.Debug|x86.Build.0 = Debug|Win32
		{5FFEB72F-B213-4E12-945C-24E4929FEFA6}.Release|ARM.ActiveCfg = Release|Win32
		{5FFEB72F-B213-4E12-945C-24E4929FEFA6}.Release|ARM64.ActiveCfg = Release|Win32
		{5FFEB72F-B213-4E12-945C-24E4929FEFA6}.Release|x64.ActiveCfg = Release|x64
		{5FFEB72F-B213-4E12-945C-24E4929FEFA6}.Release|x64.Build.0 = Release|x64
		{5FFEB72F-B213-4E12-945C-24E4929FEFA6}.Release|x86.ActiveCfg = Release|Win32
		{5FFEB72F-B213-4E12-945C-24E4929FEFA6}.Release|x86.Build.0 = Release|Win32
		{7C7EE60B-557B-44A4-BC9A-0E4656CF5E4C}.Debug|ARM.ActiveCfg = Debug|ARM
		{7C7EE60B-557B-44A4-BC9A-0E4656CF5E4C}.Debug|ARM.Build.0 = Debug|ARM
		{7C7EE60B-557B-44A4-BC9A-0E4656CF5E4C}.Debug|ARM.Deploy.0 = Debug|ARM
		{7C7EE60B-557B-44A4-BC9A-0E4656CF5E4C}.Debug|ARM64.ActiveCfg = Debug|ARM64
		{7C7EE60B-557B-44A4-BC9A-0E4656CF5E4C}.Debug|ARM64.Build.0 = Debug|ARM64
		{7C7EE60B-557B-44A4-BC9A-0E4656CF5E4C}.Debug|ARM64.Deploy.0 = Debug|ARM64
		{7C7EE60B-557B-44A4-BC9A-0E4656CF5E4C}.Debug|x64.ActiveCfg = Debug|x64
		{7C7EE60B-557B-44A4-BC9A-0E4656CF5E4C}.Debug|x64.Build.0 = Debug|x64
		{7C7EE60B-557B-44A4-BC9A-0E4656CF5E4C}.Debug|x64.Deploy.0 = Debug|x64
		{7C7EE60B-557B-44A4-BC9A-0E4656CF5E4C}.Debug|x86.ActiveCfg = Debug|Win32
		{7C7EE60B-557B-44A4-BC9A-0E4656CF5E4C}.Debug|x86.Build.0 = Debug|Win32
		{7C7EE60B-557B-44A4-BC9A-0E4656CF5E4C}.Debug|x86.Deploy.0 = Debug|Win32
		{7C7EE60B-557B-44A4-BC9A-0E4656CF5E4C}.Release|ARM.ActiveCfg = Release|ARM
		{7C7EE60B-557B-44A4-BC9A-0E4656CF5E4C}.Release|ARM.Build.0 = Release|ARM
		{7C7EE60B-557B-44A4-BC9A-0E4656CF5E4C}.Release|ARM.Deploy.0 = Release|ARM
		{7C7EE60B-557B-44A4-BC9A-0E4656CF5E4C}.Release|ARM64.ActiveCfg = Release|ARM64
		{7C7EE60B-557B-44A4-BC9A-0E4656CF5E4C}.Release|ARM64.Build.0 = Release|ARM64
		{7C7EE60B-557B-44A4-BC9A-0E4656CF5E4C}.Release|ARM64.Deploy.0 = Release|ARM64
		{7C7EE60B-557B-44A4-BC9A-0E4656CF5E4C}.Release|x64.ActiveCfg = Release|x64
		{7C7EE60B-557B-44A4-BC9A-0E4656CF5E4C}.Release|x64.Build.0 = Release|x64
		{7C7EE60B-557B-44A4-BC9A-0E4656CF5E4C}.Release|x64.Deploy.0 = Release|x64
		{7C7EE60B-557B-44A4-BC9A-0E4656CF5E4C}.Release|x86.ActiveCfg = Release|Win32
		{7C7EE60B-557B-44A4-BC9A-0E4656CF5E4C}.Release|x86.Build.0 = Release|Win32
		{7C7EE60B-557B-44A4-BC9A-0E4656CF5E4C}.Release|x86.Deploy.0 = Release|Win32
		{F50FDBB1-283C-46FD-9B0F-56198C3231FE}.Debug|ARM.ActiveCfg = Debug|ARM
		{F50FDBB1-283C-46FD-9B0F-56198C3231FE}.Debug|ARM.Build.0 = Debug|ARM
		{F50FDBB1-283C-46FD-9B0F-56198C3231FE}.Debug|ARM.Deploy.0 = Debug|ARM
		{F50FDBB1-283C-46FD-9B0F-56198C3231FE}.Debug|ARM64.ActiveCfg = Debug|ARM64
		{F50FDBB1-283C-46FD-9B0F-56198C3231FE}.Debug|ARM64.Build.0 = Debug|ARM64
		{F50FDBB1-283C-46FD-9B0F-56198C3231FE}.Debug|ARM64.Deploy.0 = Debug|ARM64
		{F50FDBB1-283C-46FD-9B0F-56198C3231FE}.Debug|x64.ActiveCfg = Debug|x64
		{F50FDBB1-283C-46FD-9B0F-56198C3231FE}.Debug|x64.Build.0 = Debug|x64
		{F50FDBB1-283C-46FD-9B0F-56198C3231FE}.Debug|x64.Deploy.0 = Debug|x64
		{F50FDBB1-283C-46FD-9B0F-56198C3231FE}.Debug|x86.ActiveCfg = Debug|Win32
		{F50FDBB1-283C-46FD-9B0F-56198C3231FE}.Debug|x86.Build.0 = Debug|Win32
		{F50FDBB1-283C-46FD-9B0F-56198C3231FE}.Debug|x86.Deploy.0 = Debug|Win32
		{F50FDBB1-283C-46FD-9B0F-56198C3231FE}.Release|ARM.ActiveCfg = Release|ARM
		{F50FDBB1-283C-46FD-9B0F-56198C3231FE}.Release|ARM.Build.0 = Release|ARM
		{F50FDBB1-283C-46FD-9B0F-56198C3231FE}.Release|ARM.Deploy.0 = Release|ARM
		{F50FDBB1-283C-46FD-9B0F-56198C3231FE}.Release|ARM64.ActiveCfg = Release|ARM64
		{F50FDBB1-283C-46FD-9B0F-56198C3231FE}.Release|ARM64.Build.0 = Release|ARM64
		{F50FDBB1-283C-46FD-9B0F-56198C3231FE}.Release|ARM64.Deploy.0 = Release|ARM64
		{F50FDBB1-283C-46FD-9B0F-56198C3231FE}.Release|x64.ActiveCfg = Release|x64
		{F50FDBB1-283C-46FD-9B0F-56198C3231FE}.Release|x64.Build.0 = Release|x64
		{F50FDBB1-283C-46FD-9B0F-56198C3231FE}.Release|x64.Deploy.0 = Release|x64
		{F50FDBB1-283C-46FD-9B0F-56198C3231FE}.Release|x86.ActiveCfg = Release|Win32
		{F50FDBB1-283C-46FD-9B0F-56198C3231FE}.Release|x86.Build.0 = Release|Win32
		{F50FDBB1-283C-46FD-9B0F-56198C3231FE}.Release|x86.Deploy.0 = Release|Win32
		{FB8392C7-1342-4696-B3B9-AE8C97670468}.Debug|ARM.ActiveCfg = Debug|ARM
		{FB8392C7-1342-4696-B3B9-AE8C97670468}.Debug|ARM.Build.0 = Debug|ARM
		{FB8392C7-1342-4696-B3B9-AE8C97670468}.Debug|ARM.Deploy.0 = Debug|ARM
		{FB8392C7-1342-4696-B3B9-AE8C97670468}.Debug|ARM64.ActiveCfg = Debug|ARM64
		{FB8392C7-1342-4696-B3B9-AE8C97670468}.Debug|ARM64.Build.0 = Debug|ARM64
		{FB8392C7-1342-4696-B3B9-AE8C97670468}.Debug|ARM64.Deploy.0 = Debug|ARM64
		{FB8392C7-1342-4696-B3B9-AE8C97670468}.Debug|x64.ActiveCfg = Debug|x64
		{FB8392C7-1342-4696-B3B9-AE8C97670468}.Debug|x64.Build.0 = Debug|x64
		{FB8392C7-1342-4696-B3B9-AE8C97670468}.Debug|x64.Deploy.0 = Debug|x64
		{FB8392C7-1342-4696-B3B9-AE8C97670468}.Debug|x86.ActiveCfg = Debug|Win32
		{FB8392C7-1342-4696-B3B9-AE8C97670468}.Debug|x86.Build.0 = Debug|Win32
		{FB8392C7-1342-4696-B3B9-AE8C97670468}.Debug|x86.Deploy.0 = Debug|Win32
		{FB8392C7-1342-4696-B3B9-AE8C97670468}.Release|ARM.ActiveCfg = Release|ARM
		{FB8392C7-1342-4696-B3B9-AE8C97670468}.Release|ARM.Build.0 = Release|ARM
		{FB8392C7-1342-4696-B3B9-AE8C97670468}.Release|ARM.Deploy.0 = Release|ARM
		{FB8392C7-1342-4696-B3B9-AE8C97670468}.Release|ARM64.ActiveCfg = Release|ARM64
		{FB8392C7-1342-4696-B3B9-AE8C97670468}.Release|ARM64.Build.0 = Release|ARM64
		{FB8392C7-1342-4696-B3B9-AE8C97670468}.Release|ARM64.Deploy.0 = Release|ARM64
		{FB8392C7-1342-4696-B3B9-AE8C97670468}.Release|x64.ActiveCfg = Release|x64
		{FB8392C7-1342-4696-B3B9-AE8C97670468}.Release|x64.Build.0 = Release|x64
		{FB8392C7-1342-4696-B3B9-AE8C97670468}.Release|x64.Deploy.0 = Release|x64
		{FB8392C7-1342-4696-B3B9-AE8C97670468}.Release|x86.ActiveCfg = Release|Win32
		{FB8392C7-1342-4696-B3B9-AE8C97670468}.Release|x86.Build.0 = Release|Win32
		{FB8392C7-1342-4696-B3B9-AE8C97670468}.Release|x86.Deploy.0 = Release|Win32
	EndGlobalSection
	GlobalSection(SolutionProperties) = preSolution
		HideSolutionNode = FALSE
	EndGlobalSection
	GlobalSection(NestedProjects) = preSolution
		{14FCEAD9-D986-45D0-93B9-BED307E40C8F} = {11D7F5C9-B8F9-4F87-B860-49A8AE96BE31}
		{26B7F414-4652-4A87-B86E-4741867DF36D} = {11D7F5C9-B8F9-4F87-B860-49A8AE96BE31}
		{5FFEB72F-B213-4E12-945C-24E4929FEFA6} = {BCBD4FF4-3029-4081-8653-E53EDE50B31B}
		{7C7EE60B-557B-44A4-BC9A-0E4656CF5E4C} = {BCBD4FF4-3029-4081-8653-E53EDE50B31B}
		{FB8392C7-1342-4696-B3B9-AE8C97670468} = {17E53AA1-670A-4B76-B764-F435BBAF68A6}
	EndGlobalSection
	GlobalSection(ExtensibilityGlobals) = postSolution
		SolutionGuid = {0ED24DD5-B68A-4585-BF00-40A5752FE07A}
	EndGlobalSection
EndGlobal
